
Microsoft Visual Studio Solution File, Format Version 12.00
# Visual Studio Version 16
VisualStudioVersion = 16.0.30104.148
MinimumVisualStudioVersion = 10.0.40219.1
Project("{FAE04EC0-301F-11D3-BF4B-00C04F79EFBC}") = "FirewallsAzureProject", "FirewallsAzureProject.csproj", "{BBFCCB5F-8791-407A-88E6-6673DF056138}"
EndProject
Global
	GlobalSection(SolutionConfigurationPlatforms) = preSolution
		Debug|Any CPU = Debug|Any CPU
		Release|Any CPU = Release|Any CPU
	EndGlobalSection
	GlobalSection(ProjectConfigurationPlatforms) = postSolution
		{BBFCCB5F-8791-407A-88E6-6673DF056138}.Debug|Any CPU.ActiveCfg = Debug|Any CPU
		{BBFCCB5F-8791-407A-88E6-6673DF056138}.Debug|Any CPU.Build.0 = Debug|Any CPU
		{BBFCCB5F-8791-407A-88E6-6673DF056138}.Release|Any CPU.ActiveCfg = Release|Any CPU
		{BBFCCB5F-8791-407A-88E6-6673DF056138}.Release|Any CPU.Build.0 = Release|Any CPU
	EndGlobalSection
	GlobalSection(SolutionProperties) = preSolution
		HideSolutionNode = FALSE
	EndGlobalSection
	GlobalSection(ExtensibilityGlobals) = postSolution
		SolutionGuid = {83B905C9-6361-44C6-A27B-52486A7AFDB1}
	EndGlobalSection
EndGlobal
